// !$*UTF8*$!
{
	archiveVersion = 1;
	classes = {
	};
	objectVersion = 50;
	objects = {

/* Begin PBXBuildFile section */
		37112B93211362AF007C1083 /* YummlyIDs.swift in Sources */ = {isa = PBXBuildFile; fileRef = 37112B92211362AF007C1083 /* YummlyIDs.swift */; };
		3742BD8221143B510068D07B /* SearchResultViewController.swift in Sources */ = {isa = PBXBuildFile; fileRef = 3742BD8121143B510068D07B /* SearchResultViewController.swift */; };
		3742BD8421143CA60068D07B /* SearchResultDataSource.swift in Sources */ = {isa = PBXBuildFile; fileRef = 3742BD8321143CA60068D07B /* SearchResultDataSource.swift */; };
		3742BD8A2114712E0068D07B /* SearchResultVCDelegate.swift in Sources */ = {isa = PBXBuildFile; fileRef = 3742BD892114712E0068D07B /* SearchResultVCDelegate.swift */; };
		3742BD8C211471C20068D07B /* RecipeDetailViewController.swift in Sources */ = {isa = PBXBuildFile; fileRef = 3742BD8B211471C20068D07B /* RecipeDetailViewController.swift */; };
		3742BD8E2114819A0068D07B /* Rating.swift in Sources */ = {isa = PBXBuildFile; fileRef = 3742BD8D2114819A0068D07B /* Rating.swift */; };
		376C0E9021181E9800491195 /* RecipeDetailVCDataSource.swift in Sources */ = {isa = PBXBuildFile; fileRef = 376C0E8F21181E9800491195 /* RecipeDetailVCDataSource.swift */; };
		376C0E922118295A00491195 /* FakeRecipeData.swift in Sources */ = {isa = PBXBuildFile; fileRef = 376C0E912118295A00491195 /* FakeRecipeData.swift */; };
		376C0E9421182A5A00491195 /* RecipeQueryResult.json in Resources */ = {isa = PBXBuildFile; fileRef = 376C0E9321182A5A00491195 /* RecipeQueryResult.json */; };
		37DB8EBA211AD191000465A6 /* RecipeCell.swift in Sources */ = {isa = PBXBuildFile; fileRef = 37DB8EB8211AD191000465A6 /* RecipeCell.swift */; };
		37DB8EBB211AD191000465A6 /* RecipeCell.xib in Resources */ = {isa = PBXBuildFile; fileRef = 37DB8EB9211AD191000465A6 /* RecipeCell.xib */; };
		37F58A7D2111AE380020DB93 /* AppDelegate.swift in Sources */ = {isa = PBXBuildFile; fileRef = 37F58A7C2111AE380020DB93 /* AppDelegate.swift */; };
		37F58A7F2111AE380020DB93 /* FavoriteViewController.swift in Sources */ = {isa = PBXBuildFile; fileRef = 37F58A7E2111AE380020DB93 /* FavoriteViewController.swift */; };
		37F58A812111AE380020DB93 /* SearchViewController.swift in Sources */ = {isa = PBXBuildFile; fileRef = 37F58A802111AE380020DB93 /* SearchViewController.swift */; };
		37F58A842111AE380020DB93 /* Main.storyboard in Resources */ = {isa = PBXBuildFile; fileRef = 37F58A822111AE380020DB93 /* Main.storyboard */; };
		37F58A862111AE390020DB93 /* Assets.xcassets in Resources */ = {isa = PBXBuildFile; fileRef = 37F58A852111AE390020DB93 /* Assets.xcassets */; };
		37F58A892111AE390020DB93 /* LaunchScreen.storyboard in Resources */ = {isa = PBXBuildFile; fileRef = 37F58A872111AE390020DB93 /* LaunchScreen.storyboard */; };
		37FA2BF02112E2B000739C8C /* Ingredients.swift in Sources */ = {isa = PBXBuildFile; fileRef = 37FA2BEF2112E2B000739C8C /* Ingredients.swift */; };
		37FA2BF22112E2F100739C8C /* YummlyProtocole.swift in Sources */ = {isa = PBXBuildFile; fileRef = 37FA2BF12112E2F100739C8C /* YummlyProtocole.swift */; };
		37FA2BF42112E6EC00739C8C /* Constant.swift in Sources */ = {isa = PBXBuildFile; fileRef = 37FA2BF32112E6EC00739C8C /* Constant.swift */; };
		37FA2BF62112EEF800739C8C /* TestIngredients.swift in Sources */ = {isa = PBXBuildFile; fileRef = 37FA2BF52112EEF800739C8C /* TestIngredients.swift */; };
		37FA2BFA2112F4A500739C8C /* SearchVCDataSource.swift in Sources */ = {isa = PBXBuildFile; fileRef = 37FA2BF92112F4A500739C8C /* SearchVCDataSource.swift */; };
		37FA2C0721132C8C00739C8C /* RecipeStructs.swift in Sources */ = {isa = PBXBuildFile; fileRef = 37FA2C0621132C8C00739C8C /* RecipeStructs.swift */; };
		37FA2C0921132D2B00739C8C /* YummlySession.swift in Sources */ = {isa = PBXBuildFile; fileRef = 37FA2C0821132D2B00739C8C /* YummlySession.swift */; };
		37FA2C0B21132EE400739C8C /* YummlyAPI.swift in Sources */ = {isa = PBXBuildFile; fileRef = 37FA2C0A21132EE400739C8C /* YummlyAPI.swift */; };
		37FA2C0F21133CBA00739C8C /* FakeURLSession.swift in Sources */ = {isa = PBXBuildFile; fileRef = 37FA2C0E21133CBA00739C8C /* FakeURLSession.swift */; };
		37FA2C1121133FE200739C8C /* TestYummlyAPI.swift in Sources */ = {isa = PBXBuildFile; fileRef = 37FA2C1021133FE200739C8C /* TestYummlyAPI.swift */; };
		37FA2C132113433600739C8C /* FakeRecipeSearchData.swift in Sources */ = {isa = PBXBuildFile; fileRef = 37FA2C122113433600739C8C /* FakeRecipeSearchData.swift */; };
		37FA2C15211349C400739C8C /* IngredientQueryResult.json in Resources */ = {isa = PBXBuildFile; fileRef = 37FA2C14211349C400739C8C /* IngredientQueryResult.json */; };
		C45739837814E9AF1CC7CE85 /* Pods_Reciplease.framework in Frameworks */ = {isa = PBXBuildFile; fileRef = 2F20932DA33EB9285A9AEE68 /* Pods_Reciplease.framework */; };
/* End PBXBuildFile section */

/* Begin PBXContainerItemProxy section */
		37F58A902111AE3A0020DB93 /* PBXContainerItemProxy */ = {
			isa = PBXContainerItemProxy;
			containerPortal = 37F58A712111AE380020DB93 /* Project object */;
			proxyType = 1;
			remoteGlobalIDString = 37F58A782111AE380020DB93;
			remoteInfo = Reciplease;
		};
/* End PBXContainerItemProxy section */

/* Begin PBXFileReference section */
		2F20932DA33EB9285A9AEE68 /* Pods_Reciplease.framework */ = {isa = PBXFileReference; explicitFileType = wrapper.framework; includeInIndex = 0; path = Pods_Reciplease.framework; sourceTree = BUILT_PRODUCTS_DIR; };
		37112B92211362AF007C1083 /* YummlyIDs.swift */ = {isa = PBXFileReference; fileEncoding = 4; lastKnownFileType = sourcecode.swift; path = YummlyIDs.swift; sourceTree = "<group>"; };
		3742BD8121143B510068D07B /* SearchResultViewController.swift */ = {isa = PBXFileReference; lastKnownFileType = sourcecode.swift; path = SearchResultViewController.swift; sourceTree = "<group>"; };
		3742BD8321143CA60068D07B /* SearchResultDataSource.swift */ = {isa = PBXFileReference; lastKnownFileType = sourcecode.swift; path = SearchResultDataSource.swift; sourceTree = "<group>"; };
		3742BD892114712E0068D07B /* SearchResultVCDelegate.swift */ = {isa = PBXFileReference; lastKnownFileType = sourcecode.swift; path = SearchResultVCDelegate.swift; sourceTree = "<group>"; };
		3742BD8B211471C20068D07B /* RecipeDetailViewController.swift */ = {isa = PBXFileReference; lastKnownFileType = sourcecode.swift; path = RecipeDetailViewController.swift; sourceTree = "<group>"; };
		3742BD8D2114819A0068D07B /* Rating.swift */ = {isa = PBXFileReference; lastKnownFileType = sourcecode.swift; path = Rating.swift; sourceTree = "<group>"; };
		376C0E8F21181E9800491195 /* RecipeDetailVCDataSource.swift */ = {isa = PBXFileReference; lastKnownFileType = sourcecode.swift; path = RecipeDetailVCDataSource.swift; sourceTree = "<group>"; };
		376C0E912118295A00491195 /* FakeRecipeData.swift */ = {isa = PBXFileReference; lastKnownFileType = sourcecode.swift; path = FakeRecipeData.swift; sourceTree = "<group>"; };
		376C0E9321182A5A00491195 /* RecipeQueryResult.json */ = {isa = PBXFileReference; lastKnownFileType = text.json; path = RecipeQueryResult.json; sourceTree = "<group>"; };
		37DB8EB8211AD191000465A6 /* RecipeCell.swift */ = {isa = PBXFileReference; lastKnownFileType = sourcecode.swift; path = RecipeCell.swift; sourceTree = "<group>"; };
		37DB8EB9211AD191000465A6 /* RecipeCell.xib */ = {isa = PBXFileReference; lastKnownFileType = file.xib; path = RecipeCell.xib; sourceTree = "<group>"; };
		37F58A792111AE380020DB93 /* Reciplease.app */ = {isa = PBXFileReference; explicitFileType = wrapper.application; includeInIndex = 0; path = Reciplease.app; sourceTree = BUILT_PRODUCTS_DIR; };
		37F58A7C2111AE380020DB93 /* AppDelegate.swift */ = {isa = PBXFileReference; lastKnownFileType = sourcecode.swift; path = AppDelegate.swift; sourceTree = "<group>"; };
		37F58A7E2111AE380020DB93 /* FavoriteViewController.swift */ = {isa = PBXFileReference; lastKnownFileType = sourcecode.swift; path = FavoriteViewController.swift; sourceTree = "<group>"; };
		37F58A802111AE380020DB93 /* SearchViewController.swift */ = {isa = PBXFileReference; lastKnownFileType = sourcecode.swift; path = SearchViewController.swift; sourceTree = "<group>"; };
		37F58A832111AE380020DB93 /* Base */ = {isa = PBXFileReference; lastKnownFileType = file.storyboard; name = Base; path = Base.lproj/Main.storyboard; sourceTree = "<group>"; };
		37F58A852111AE390020DB93 /* Assets.xcassets */ = {isa = PBXFileReference; lastKnownFileType = folder.assetcatalog; path = Assets.xcassets; sourceTree = "<group>"; };
		37F58A882111AE390020DB93 /* Base */ = {isa = PBXFileReference; lastKnownFileType = file.storyboard; name = Base; path = Base.lproj/LaunchScreen.storyboard; sourceTree = "<group>"; };
		37F58A8A2111AE390020DB93 /* Info.plist */ = {isa = PBXFileReference; lastKnownFileType = text.plist.xml; path = Info.plist; sourceTree = "<group>"; };
		37F58A8F2111AE3A0020DB93 /* RecipleaseTests.xctest */ = {isa = PBXFileReference; explicitFileType = wrapper.cfbundle; includeInIndex = 0; path = RecipleaseTests.xctest; sourceTree = BUILT_PRODUCTS_DIR; };
		37F58A952111AE3A0020DB93 /* Info.plist */ = {isa = PBXFileReference; lastKnownFileType = text.plist.xml; path = Info.plist; sourceTree = "<group>"; };
		37FA2BEF2112E2B000739C8C /* Ingredients.swift */ = {isa = PBXFileReference; lastKnownFileType = sourcecode.swift; path = Ingredients.swift; sourceTree = "<group>"; };
		37FA2BF12112E2F100739C8C /* YummlyProtocole.swift */ = {isa = PBXFileReference; lastKnownFileType = sourcecode.swift; path = YummlyProtocole.swift; sourceTree = "<group>"; };
		37FA2BF32112E6EC00739C8C /* Constant.swift */ = {isa = PBXFileReference; lastKnownFileType = sourcecode.swift; path = Constant.swift; sourceTree = "<group>"; };
		37FA2BF52112EEF800739C8C /* TestIngredients.swift */ = {isa = PBXFileReference; lastKnownFileType = sourcecode.swift; path = TestIngredients.swift; sourceTree = "<group>"; };
		37FA2BF92112F4A500739C8C /* SearchVCDataSource.swift */ = {isa = PBXFileReference; lastKnownFileType = sourcecode.swift; path = SearchVCDataSource.swift; sourceTree = "<group>"; };
		37FA2C0621132C8C00739C8C /* RecipeStructs.swift */ = {isa = PBXFileReference; lastKnownFileType = sourcecode.swift; path = RecipeStructs.swift; sourceTree = "<group>"; };
		37FA2C0821132D2B00739C8C /* YummlySession.swift */ = {isa = PBXFileReference; lastKnownFileType = sourcecode.swift; path = YummlySession.swift; sourceTree = "<group>"; };
		37FA2C0A21132EE400739C8C /* YummlyAPI.swift */ = {isa = PBXFileReference; lastKnownFileType = sourcecode.swift; path = YummlyAPI.swift; sourceTree = "<group>"; };
		37FA2C0E21133CBA00739C8C /* FakeURLSession.swift */ = {isa = PBXFileReference; lastKnownFileType = sourcecode.swift; path = FakeURLSession.swift; sourceTree = "<group>"; };
		37FA2C1021133FE200739C8C /* TestYummlyAPI.swift */ = {isa = PBXFileReference; lastKnownFileType = sourcecode.swift; path = TestYummlyAPI.swift; sourceTree = "<group>"; };
		37FA2C122113433600739C8C /* FakeRecipeSearchData.swift */ = {isa = PBXFileReference; lastKnownFileType = sourcecode.swift; path = FakeRecipeSearchData.swift; sourceTree = "<group>"; };
		37FA2C14211349C400739C8C /* IngredientQueryResult.json */ = {isa = PBXFileReference; lastKnownFileType = text.json; path = IngredientQueryResult.json; sourceTree = "<group>"; };
		5872E9DA79BAC38D411E9549 /* Pods-Reciplease.release.xcconfig */ = {isa = PBXFileReference; includeInIndex = 1; lastKnownFileType = text.xcconfig; name = "Pods-Reciplease.release.xcconfig"; path = "Pods/Target Support Files/Pods-Reciplease/Pods-Reciplease.release.xcconfig"; sourceTree = "<group>"; };
		6CA5085E0665924C0D77C1E1 /* Pods-Reciplease.debug.xcconfig */ = {isa = PBXFileReference; includeInIndex = 1; lastKnownFileType = text.xcconfig; name = "Pods-Reciplease.debug.xcconfig"; path = "Pods/Target Support Files/Pods-Reciplease/Pods-Reciplease.debug.xcconfig"; sourceTree = "<group>"; };
/* End PBXFileReference section */

/* Begin PBXFrameworksBuildPhase section */
		37F58A762111AE380020DB93 /* Frameworks */ = {
			isa = PBXFrameworksBuildPhase;
			buildActionMask = 2147483647;
			files = (
				C45739837814E9AF1CC7CE85 /* Pods_Reciplease.framework in Frameworks */,
			);
			runOnlyForDeploymentPostprocessing = 0;
		};
		37F58A8C2111AE3A0020DB93 /* Frameworks */ = {
			isa = PBXFrameworksBuildPhase;
			buildActionMask = 2147483647;
			files = (
			);
			runOnlyForDeploymentPostprocessing = 0;
		};
/* End PBXFrameworksBuildPhase section */

/* Begin PBXGroup section */
		37112B9121136281007C1083 /* PrivateFile */ = {
			isa = PBXGroup;
			children = (
				37112B92211362AF007C1083 /* YummlyIDs.swift */,
			);
			path = PrivateFile;
			sourceTree = "<group>";
		};
		3742BD8521143CA90068D07B /* DataSources */ = {
			isa = PBXGroup;
			children = (
				3742BD8321143CA60068D07B /* SearchResultDataSource.swift */,
				37FA2BF92112F4A500739C8C /* SearchVCDataSource.swift */,
				376C0E8F21181E9800491195 /* RecipeDetailVCDataSource.swift */,
			);
			path = DataSources;
			sourceTree = "<group>";
		};
		3742BD882114710F0068D07B /* Delagate */ = {
			isa = PBXGroup;
			children = (
				3742BD892114712E0068D07B /* SearchResultVCDelegate.swift */,
			);
			path = Delagate;
			sourceTree = "<group>";
		};
		37F58A702111AE380020DB93 = {
			isa = PBXGroup;
			children = (
				37F58A7B2111AE380020DB93 /* Reciplease */,
				37F58A922111AE3A0020DB93 /* RecipleaseTests */,
				37F58A7A2111AE380020DB93 /* Products */,
				67822491F9AD5843A732869C /* Pods */,
				EFC7B6D7582A08B41CB733DB /* Frameworks */,
			);
			sourceTree = "<group>";
		};
		37F58A7A2111AE380020DB93 /* Products */ = {
			isa = PBXGroup;
			children = (
				37F58A792111AE380020DB93 /* Reciplease.app */,
				37F58A8F2111AE3A0020DB93 /* RecipleaseTests.xctest */,
			);
			name = Products;
			sourceTree = "<group>";
		};
		37F58A7B2111AE380020DB93 /* Reciplease */ = {
			isa = PBXGroup;
			children = (
				37112B9121136281007C1083 /* PrivateFile */,
				37F58AA12111AE690020DB93 /* SupportingFiles */,
				37F58AA02111AE4F0020DB93 /* View */,
				37F58A9F2111AE4E0020DB93 /* ViewController */,
				37F58A9E2111AE4B0020DB93 /* Model */,
				37F58A8A2111AE390020DB93 /* Info.plist */,
			);
			path = Reciplease;
			sourceTree = "<group>";
		};
		37F58A922111AE3A0020DB93 /* RecipleaseTests */ = {
			isa = PBXGroup;
			children = (
				37FA2C0D21133C9500739C8C /* FakeJSONFiles */,
				37FA2C0C21133C9300739C8C /* FakeClass */,
				37F58A952111AE3A0020DB93 /* Info.plist */,
				37FA2BF52112EEF800739C8C /* TestIngredients.swift */,
				37FA2C1021133FE200739C8C /* TestYummlyAPI.swift */,
			);
			path = RecipleaseTests;
			sourceTree = "<group>";
		};
		37F58A9E2111AE4B0020DB93 /* Model */ = {
			isa = PBXGroup;
			children = (
				37FA2C052113271C00739C8C /* SupportingFiles */,
				37FA2C16211352C000739C8C /* YummlyApi */,
				37FA2BEF2112E2B000739C8C /* Ingredients.swift */,
			);
			path = Model;
			sourceTree = "<group>";
		};
		37F58A9F2111AE4E0020DB93 /* ViewController */ = {
			isa = PBXGroup;
			children = (
				3742BD882114710F0068D07B /* Delagate */,
				3742BD8521143CA90068D07B /* DataSources */,
				37F58A7E2111AE380020DB93 /* FavoriteViewController.swift */,
				37F58A802111AE380020DB93 /* SearchViewController.swift */,
				3742BD8121143B510068D07B /* SearchResultViewController.swift */,
				3742BD8B211471C20068D07B /* RecipeDetailViewController.swift */,
			);
			path = ViewController;
			sourceTree = "<group>";
		};
		37F58AA02111AE4F0020DB93 /* View */ = {
			isa = PBXGroup;
			children = (
				37F58A822111AE380020DB93 /* Main.storyboard */,
				3742BD8D2114819A0068D07B /* Rating.swift */,
				37DB8EB8211AD191000465A6 /* RecipeCell.swift */,
				37DB8EB9211AD191000465A6 /* RecipeCell.xib */,
			);
			path = View;
			sourceTree = "<group>";
		};
		37F58AA12111AE690020DB93 /* SupportingFiles */ = {
			isa = PBXGroup;
			children = (
				37F58A7C2111AE380020DB93 /* AppDelegate.swift */,
				37F58A852111AE390020DB93 /* Assets.xcassets */,
				37F58A872111AE390020DB93 /* LaunchScreen.storyboard */,
			);
			path = SupportingFiles;
			sourceTree = "<group>";
		};
		37FA2C052113271C00739C8C /* SupportingFiles */ = {
			isa = PBXGroup;
			children = (
				37FA2BF32112E6EC00739C8C /* Constant.swift */,
				37FA2C0621132C8C00739C8C /* RecipeStructs.swift */,
			);
			path = SupportingFiles;
			sourceTree = "<group>";
		};
		37FA2C0C21133C9300739C8C /* FakeClass */ = {
			isa = PBXGroup;
			children = (
				37FA2C0E21133CBA00739C8C /* FakeURLSession.swift */,
				37FA2C122113433600739C8C /* FakeRecipeSearchData.swift */,
				376C0E912118295A00491195 /* FakeRecipeData.swift */,
			);
			path = FakeClass;
			sourceTree = "<group>";
		};
		37FA2C0D21133C9500739C8C /* FakeJSONFiles */ = {
			isa = PBXGroup;
			children = (
				37FA2C14211349C400739C8C /* IngredientQueryResult.json */,
				376C0E9321182A5A00491195 /* RecipeQueryResult.json */,
			);
			path = FakeJSONFiles;
			sourceTree = "<group>";
		};
		37FA2C16211352C000739C8C /* YummlyApi */ = {
			isa = PBXGroup;
			children = (
				37FA2C0821132D2B00739C8C /* YummlySession.swift */,
				37FA2BF12112E2F100739C8C /* YummlyProtocole.swift */,
				37FA2C0A21132EE400739C8C /* YummlyAPI.swift */,
			);
			path = YummlyApi;
			sourceTree = "<group>";
		};
		67822491F9AD5843A732869C /* Pods */ = {
			isa = PBXGroup;
			children = (
				6CA5085E0665924C0D77C1E1 /* Pods-Reciplease.debug.xcconfig */,
				5872E9DA79BAC38D411E9549 /* Pods-Reciplease.release.xcconfig */,
			);
			name = Pods;
			sourceTree = "<group>";
		};
		EFC7B6D7582A08B41CB733DB /* Frameworks */ = {
			isa = PBXGroup;
			children = (
				2F20932DA33EB9285A9AEE68 /* Pods_Reciplease.framework */,
			);
			name = Frameworks;
			sourceTree = "<group>";
		};
/* End PBXGroup section */

/* Begin PBXNativeTarget section */
		37F58A782111AE380020DB93 /* Reciplease */ = {
			isa = PBXNativeTarget;
			buildConfigurationList = 37F58A982111AE3A0020DB93 /* Build configuration list for PBXNativeTarget "Reciplease" */;
			buildPhases = (
				0DD50D6B0C3255A1C1D366EB /* [CP] Check Pods Manifest.lock */,
				37F58A752111AE380020DB93 /* Sources */,
				37F58A762111AE380020DB93 /* Frameworks */,
				37F58A772111AE380020DB93 /* Resources */,
				CA9EAFBD86DC7BFF5FD01567 /* [CP] Embed Pods Frameworks */,
			);
			buildRules = (
			);
			dependencies = (
			);
			name = Reciplease;
			productName = Reciplease;
			productReference = 37F58A792111AE380020DB93 /* Reciplease.app */;
			productType = "com.apple.product-type.application";
		};
		37F58A8E2111AE3A0020DB93 /* RecipleaseTests */ = {
			isa = PBXNativeTarget;
			buildConfigurationList = 37F58A9B2111AE3A0020DB93 /* Build configuration list for PBXNativeTarget "RecipleaseTests" */;
			buildPhases = (
				37F58A8B2111AE3A0020DB93 /* Sources */,
				37F58A8C2111AE3A0020DB93 /* Frameworks */,
				37F58A8D2111AE3A0020DB93 /* Resources */,
			);
			buildRules = (
			);
			dependencies = (
				37F58A912111AE3A0020DB93 /* PBXTargetDependency */,
			);
			name = RecipleaseTests;
			productName = RecipleaseTests;
			productReference = 37F58A8F2111AE3A0020DB93 /* RecipleaseTests.xctest */;
			productType = "com.apple.product-type.bundle.unit-test";
		};
/* End PBXNativeTarget section */

/* Begin PBXProject section */
		37F58A712111AE380020DB93 /* Project object */ = {
			isa = PBXProject;
			attributes = {
				LastSwiftUpdateCheck = 0940;
				LastUpgradeCheck = 0940;
				ORGANIZATIONNAME = Nicolas;
				TargetAttributes = {
					37F58A782111AE380020DB93 = {
						CreatedOnToolsVersion = 9.4.1;
					};
					37F58A8E2111AE3A0020DB93 = {
						CreatedOnToolsVersion = 9.4.1;
						LastSwiftMigration = 0940;
						TestTargetID = 37F58A782111AE380020DB93;
					};
				};
			};
			buildConfigurationList = 37F58A742111AE380020DB93 /* Build configuration list for PBXProject "Reciplease" */;
			compatibilityVersion = "Xcode 9.3";
			developmentRegion = en;
			hasScannedForEncodings = 0;
			knownRegions = (
				en,
				Base,
			);
			mainGroup = 37F58A702111AE380020DB93;
			productRefGroup = 37F58A7A2111AE380020DB93 /* Products */;
			projectDirPath = "";
			projectRoot = "";
			targets = (
				37F58A782111AE380020DB93 /* Reciplease */,
				37F58A8E2111AE3A0020DB93 /* RecipleaseTests */,
			);
		};
/* End PBXProject section */

/* Begin PBXResourcesBuildPhase section */
		37F58A772111AE380020DB93 /* Resources */ = {
			isa = PBXResourcesBuildPhase;
			buildActionMask = 2147483647;
			files = (
				37F58A892111AE390020DB93 /* LaunchScreen.storyboard in Resources */,
				37F58A862111AE390020DB93 /* Assets.xcassets in Resources */,
				37F58A842111AE380020DB93 /* Main.storyboard in Resources */,
				37DB8EBB211AD191000465A6 /* RecipeCell.xib in Resources */,
			);
			runOnlyForDeploymentPostprocessing = 0;
		};
		37F58A8D2111AE3A0020DB93 /* Resources */ = {
			isa = PBXResourcesBuildPhase;
			buildActionMask = 2147483647;
			files = (
				376C0E9421182A5A00491195 /* RecipeQueryResult.json in Resources */,
				37FA2C15211349C400739C8C /* IngredientQueryResult.json in Resources */,
			);
			runOnlyForDeploymentPostprocessing = 0;
		};
/* End PBXResourcesBuildPhase section */

/* Begin PBXShellScriptBuildPhase section */
		0DD50D6B0C3255A1C1D366EB /* [CP] Check Pods Manifest.lock */ = {
			isa = PBXShellScriptBuildPhase;
			buildActionMask = 2147483647;
			files = (
			);
			inputPaths = (
				"${PODS_PODFILE_DIR_PATH}/Podfile.lock",
				"${PODS_ROOT}/Manifest.lock",
			);
			name = "[CP] Check Pods Manifest.lock";
			outputPaths = (
				"$(DERIVED_FILE_DIR)/Pods-Reciplease-checkManifestLockResult.txt",
			);
			runOnlyForDeploymentPostprocessing = 0;
			shellPath = /bin/sh;
			shellScript = "diff \"${PODS_PODFILE_DIR_PATH}/Podfile.lock\" \"${PODS_ROOT}/Manifest.lock\" > /dev/null\nif [ $? != 0 ] ; then\n    # print error to STDERR\n    echo \"error: The sandbox is not in sync with the Podfile.lock. Run 'pod install' or update your CocoaPods installation.\" >&2\n    exit 1\nfi\n# This output is used by Xcode 'outputs' to avoid re-running this script phase.\necho \"SUCCESS\" > \"${SCRIPT_OUTPUT_FILE_0}\"\n";
			showEnvVarsInLog = 0;
		};
		CA9EAFBD86DC7BFF5FD01567 /* [CP] Embed Pods Frameworks */ = {
			isa = PBXShellScriptBuildPhase;
			buildActionMask = 2147483647;
			files = (
			);
			inputPaths = (
				"${SRCROOT}/Pods/Target Support Files/Pods-Reciplease/Pods-Reciplease-frameworks.sh",
				"${BUILT_PRODUCTS_DIR}/Alamofire/Alamofire.framework",
			);
			name = "[CP] Embed Pods Frameworks";
			outputPaths = (
				"${TARGET_BUILD_DIR}/${FRAMEWORKS_FOLDER_PATH}/Alamofire.framework",
			);
			runOnlyForDeploymentPostprocessing = 0;
			shellPath = /bin/sh;
			shellScript = "\"${SRCROOT}/Pods/Target Support Files/Pods-Reciplease/Pods-Reciplease-frameworks.sh\"\n";
			showEnvVarsInLog = 0;
		};
/* End PBXShellScriptBuildPhase section */

/* Begin PBXSourcesBuildPhase section */
		37F58A752111AE380020DB93 /* Sources */ = {
			isa = PBXSourcesBuildPhase;
			buildActionMask = 2147483647;
			files = (
				37FA2C0B21132EE400739C8C /* YummlyAPI.swift in Sources */,
				37112B93211362AF007C1083 /* YummlyIDs.swift in Sources */,
				3742BD8E2114819A0068D07B /* Rating.swift in Sources */,
				37F58A812111AE380020DB93 /* SearchViewController.swift in Sources */,
				37FA2BFA2112F4A500739C8C /* SearchVCDataSource.swift in Sources */,
				37FA2BF02112E2B000739C8C /* Ingredients.swift in Sources */,
				37F58A7D2111AE380020DB93 /* AppDelegate.swift in Sources */,
				37FA2BF22112E2F100739C8C /* YummlyProtocole.swift in Sources */,
				37FA2C0921132D2B00739C8C /* YummlySession.swift in Sources */,
				376C0E9021181E9800491195 /* RecipeDetailVCDataSource.swift in Sources */,
				3742BD8421143CA60068D07B /* SearchResultDataSource.swift in Sources */,
				3742BD8C211471C20068D07B /* RecipeDetailViewController.swift in Sources */,
				37F58A7F2111AE380020DB93 /* FavoriteViewController.swift in Sources */,
				37DB8EBA211AD191000465A6 /* RecipeCell.swift in Sources */,
				37FA2BF42112E6EC00739C8C /* Constant.swift in Sources */,
				3742BD8A2114712E0068D07B /* SearchResultVCDelegate.swift in Sources */,
				3742BD8221143B510068D07B /* SearchResultViewController.swift in Sources */,
				37FA2C0721132C8C00739C8C /* RecipeStructs.swift in Sources */,
			);
			runOnlyForDeploymentPostprocessing = 0;
		};
		37F58A8B2111AE3A0020DB93 /* Sources */ = {
			isa = PBXSourcesBuildPhase;
			buildActionMask = 2147483647;
			files = (
				37FA2C1121133FE200739C8C /* TestYummlyAPI.swift in Sources */,
				37FA2BF62112EEF800739C8C /* TestIngredients.swift in Sources */,
				376C0E922118295A00491195 /* FakeRecipeData.swift in Sources */,
				37FA2C132113433600739C8C /* FakeRecipeSearchData.swift in Sources */,
				37FA2C0F21133CBA00739C8C /* FakeURLSession.swift in Sources */,
			);
			runOnlyForDeploymentPostprocessing = 0;
		};
/* End PBXSourcesBuildPhase section */

/* Begin PBXTargetDependency section */
		37F58A912111AE3A0020DB93 /* PBXTargetDependency */ = {
			isa = PBXTargetDependency;
			target = 37F58A782111AE380020DB93 /* Reciplease */;
			targetProxy = 37F58A902111AE3A0020DB93 /* PBXContainerItemProxy */;
		};
/* End PBXTargetDependency section */

/* Begin PBXVariantGroup section */
		37F58A822111AE380020DB93 /* Main.storyboard */ = {
			isa = PBXVariantGroup;
			children = (
				37F58A832111AE380020DB93 /* Base */,
			);
			name = Main.storyboard;
			sourceTree = "<group>";
		};
		37F58A872111AE390020DB93 /* LaunchScreen.storyboard */ = {
			isa = PBXVariantGroup;
			children = (
				37F58A882111AE390020DB93 /* Base */,
			);
			name = LaunchScreen.storyboard;
			sourceTree = "<group>";
		};
/* End PBXVariantGroup section */

/* Begin XCBuildConfiguration section */
		37F58A962111AE3A0020DB93 /* Debug */ = {
			isa = XCBuildConfiguration;
			buildSettings = {
				ALWAYS_SEARCH_USER_PATHS = NO;
				CLANG_ANALYZER_NONNULL = YES;
				CLANG_ANALYZER_NUMBER_OBJECT_CONVERSION = YES_AGGRESSIVE;
				CLANG_CXX_LANGUAGE_STANDARD = "gnu++14";
				CLANG_CXX_LIBRARY = "libc++";
				CLANG_ENABLE_MODULES = YES;
				CLANG_ENABLE_OBJC_ARC = YES;
				CLANG_ENABLE_OBJC_WEAK = YES;
				CLANG_WARN_BLOCK_CAPTURE_AUTORELEASING = YES;
				CLANG_WARN_BOOL_CONVERSION = YES;
				CLANG_WARN_COMMA = YES;
				CLANG_WARN_CONSTANT_CONVERSION = YES;
				CLANG_WARN_DEPRECATED_OBJC_IMPLEMENTATIONS = YES;
				CLANG_WARN_DIRECT_OBJC_ISA_USAGE = YES_ERROR;
				CLANG_WARN_DOCUMENTATION_COMMENTS = YES;
				CLANG_WARN_EMPTY_BODY = YES;
				CLANG_WARN_ENUM_CONVERSION = YES;
				CLANG_WARN_INFINITE_RECURSION = YES;
				CLANG_WARN_INT_CONVERSION = YES;
				CLANG_WARN_NON_LITERAL_NULL_CONVERSION = YES;
				CLANG_WARN_OBJC_IMPLICIT_RETAIN_SELF = YES;
				CLANG_WARN_OBJC_LITERAL_CONVERSION = YES;
				CLANG_WARN_OBJC_ROOT_CLASS = YES_ERROR;
				CLANG_WARN_RANGE_LOOP_ANALYSIS = YES;
				CLANG_WARN_STRICT_PROTOTYPES = YES;
				CLANG_WARN_SUSPICIOUS_MOVE = YES;
				CLANG_WARN_UNGUARDED_AVAILABILITY = YES_AGGRESSIVE;
				CLANG_WARN_UNREACHABLE_CODE = YES;
				CLANG_WARN__DUPLICATE_METHOD_MATCH = YES;
				CODE_SIGN_IDENTITY = "iPhone Developer";
				COPY_PHASE_STRIP = NO;
				DEBUG_INFORMATION_FORMAT = dwarf;
				ENABLE_STRICT_OBJC_MSGSEND = YES;
				ENABLE_TESTABILITY = YES;
				GCC_C_LANGUAGE_STANDARD = gnu11;
				GCC_DYNAMIC_NO_PIC = NO;
				GCC_NO_COMMON_BLOCKS = YES;
				GCC_OPTIMIZATION_LEVEL = 0;
				GCC_PREPROCESSOR_DEFINITIONS = (
					"DEBUG=1",
					"$(inherited)",
				);
				GCC_WARN_64_TO_32_BIT_CONVERSION = YES;
				GCC_WARN_ABOUT_RETURN_TYPE = YES_ERROR;
				GCC_WARN_UNDECLARED_SELECTOR = YES;
				GCC_WARN_UNINITIALIZED_AUTOS = YES_AGGRESSIVE;
				GCC_WARN_UNUSED_FUNCTION = YES;
				GCC_WARN_UNUSED_VARIABLE = YES;
				IPHONEOS_DEPLOYMENT_TARGET = 11.4;
				MTL_ENABLE_DEBUG_INFO = YES;
				ONLY_ACTIVE_ARCH = YES;
				SDKROOT = iphoneos;
				SWIFT_ACTIVE_COMPILATION_CONDITIONS = DEBUG;
				SWIFT_OPTIMIZATION_LEVEL = "-Onone";
			};
			name = Debug;
		};
		37F58A972111AE3A0020DB93 /* Release */ = {
			isa = XCBuildConfiguration;
			buildSettings = {
				ALWAYS_SEARCH_USER_PATHS = NO;
				CLANG_ANALYZER_NONNULL = YES;
				CLANG_ANALYZER_NUMBER_OBJECT_CONVERSION = YES_AGGRESSIVE;
				CLANG_CXX_LANGUAGE_STANDARD = "gnu++14";
				CLANG_CXX_LIBRARY = "libc++";
				CLANG_ENABLE_MODULES = YES;
				CLANG_ENABLE_OBJC_ARC = YES;
				CLANG_ENABLE_OBJC_WEAK = YES;
				CLANG_WARN_BLOCK_CAPTURE_AUTORELEASING = YES;
				CLANG_WARN_BOOL_CONVERSION = YES;
				CLANG_WARN_COMMA = YES;
				CLANG_WARN_CONSTANT_CONVERSION = YES;
				CLANG_WARN_DEPRECATED_OBJC_IMPLEMENTATIONS = YES;
				CLANG_WARN_DIRECT_OBJC_ISA_USAGE = YES_ERROR;
				CLANG_WARN_DOCUMENTATION_COMMENTS = YES;
				CLANG_WARN_EMPTY_BODY = YES;
				CLANG_WARN_ENUM_CONVERSION = YES;
				CLANG_WARN_INFINITE_RECURSION = YES;
				CLANG_WARN_INT_CONVERSION = YES;
				CLANG_WARN_NON_LITERAL_NULL_CONVERSION = YES;
				CLANG_WARN_OBJC_IMPLICIT_RETAIN_SELF = YES;
				CLANG_WARN_OBJC_LITERAL_CONVERSION = YES;
				CLANG_WARN_OBJC_ROOT_CLASS = YES_ERROR;
				CLANG_WARN_RANGE_LOOP_ANALYSIS = YES;
				CLANG_WARN_STRICT_PROTOTYPES = YES;
				CLANG_WARN_SUSPICIOUS_MOVE = YES;
				CLANG_WARN_UNGUARDED_AVAILABILITY = YES_AGGRESSIVE;
				CLANG_WARN_UNREACHABLE_CODE = YES;
				CLANG_WARN__DUPLICATE_METHOD_MATCH = YES;
				CODE_SIGN_IDENTITY = "iPhone Developer";
				COPY_PHASE_STRIP = NO;
				DEBUG_INFORMATION_FORMAT = "dwarf-with-dsym";
				ENABLE_NS_ASSERTIONS = NO;
				ENABLE_STRICT_OBJC_MSGSEND = YES;
				GCC_C_LANGUAGE_STANDARD = gnu11;
				GCC_NO_COMMON_BLOCKS = YES;
				GCC_WARN_64_TO_32_BIT_CONVERSION = YES;
				GCC_WARN_ABOUT_RETURN_TYPE = YES_ERROR;
				GCC_WARN_UNDECLARED_SELECTOR = YES;
				GCC_WARN_UNINITIALIZED_AUTOS = YES_AGGRESSIVE;
				GCC_WARN_UNUSED_FUNCTION = YES;
				GCC_WARN_UNUSED_VARIABLE = YES;
				IPHONEOS_DEPLOYMENT_TARGET = 11.4;
				MTL_ENABLE_DEBUG_INFO = NO;
				SDKROOT = iphoneos;
				SWIFT_COMPILATION_MODE = wholemodule;
				SWIFT_OPTIMIZATION_LEVEL = "-O";
				VALIDATE_PRODUCT = YES;
			};
			name = Release;
		};
		37F58A992111AE3A0020DB93 /* Debug */ = {
			isa = XCBuildConfiguration;
			baseConfigurationReference = 6CA5085E0665924C0D77C1E1 /* Pods-Reciplease.debug.xcconfig */;
			buildSettings = {
				ASSETCATALOG_COMPILER_APPICON_NAME = AppIcon;
				CODE_SIGN_STYLE = Automatic;
				DEVELOPMENT_TEAM = Q9ND38V22J;
				INFOPLIST_FILE = Reciplease/Info.plist;
				LD_RUNPATH_SEARCH_PATHS = (
					"$(inherited)",
					"@executable_path/Frameworks",
				);
				PRODUCT_BUNDLE_IDENTIFIER = com.nicolasjaved.Reciplease;
				PRODUCT_NAME = "$(TARGET_NAME)";
				SWIFT_VERSION = 4.0;
				TARGETED_DEVICE_FAMILY = "1,2";
			};
			name = Debug;
		};
		37F58A9A2111AE3A0020DB93 /* Release */ = {
			isa = XCBuildConfiguration;
			baseConfigurationReference = 5872E9DA79BAC38D411E9549 /* Pods-Reciplease.release.xcconfig */;
			buildSettings = {
				ASSETCATALOG_COMPILER_APPICON_NAME = AppIcon;
				CODE_SIGN_STYLE = Automatic;
				DEVELOPMENT_TEAM = Q9ND38V22J;
				INFOPLIST_FILE = Reciplease/Info.plist;
				LD_RUNPATH_SEARCH_PATHS = (
					"$(inherited)",
					"@executable_path/Frameworks",
				);
				PRODUCT_BUNDLE_IDENTIFIER = com.nicolasjaved.Reciplease;
				PRODUCT_NAME = "$(TARGET_NAME)";
				SWIFT_VERSION = 4.0;
				TARGETED_DEVICE_FAMILY = "1,2";
			};
			name = Release;
		};
		37F58A9C2111AE3A0020DB93 /* Debug */ = {
			isa = XCBuildConfiguration;
			buildSettings = {
				ALWAYS_EMBED_SWIFT_STANDARD_LIBRARIES = YES;
				BUNDLE_LOADER = "$(TEST_HOST)";
				CLANG_ENABLE_MODULES = YES;
				CODE_SIGN_STYLE = Automatic;
				DEVELOPMENT_TEAM = Q9ND38V22J;
				INFOPLIST_FILE = RecipleaseTests/Info.plist;
				LD_RUNPATH_SEARCH_PATHS = (
					"$(inherited)",
					"@executable_path/Frameworks",
					"@loader_path/Frameworks",
				);
				PRODUCT_BUNDLE_IDENTIFIER = com.nicolasjaved.RecipleaseTests;
				PRODUCT_NAME = "$(TARGET_NAME)";
				SWIFT_OPTIMIZATION_LEVEL = "-Onone";
				SWIFT_VERSION = 4.0;
				TARGETED_DEVICE_FAMILY = "1,2";
				TEST_HOST = "$(BUILT_PRODUCTS_DIR)/Reciplease.app/Reciplease";
			};
			name = Debug;
		};
		37F58A9D2111AE3A0020DB93 /* Release */ = {
			isa = XCBuildConfiguration;
			buildSettings = {
				ALWAYS_EMBED_SWIFT_STANDARD_LIBRARIES = YES;
				BUNDLE_LOADER = "$(TEST_HOST)";
				CLANG_ENABLE_MODULES = YES;
				CODE_SIGN_STYLE = Automatic;
				DEVELOPMENT_TEAM = Q9ND38V22J;
				INFOPLIST_FILE = RecipleaseTests/Info.plist;
				LD_RUNPATH_SEARCH_PATHS = (
					"$(inherited)",
					"@executable_path/Frameworks",
					"@loader_path/Frameworks",
				);
				PRODUCT_BUNDLE_IDENTIFIER = com.nicolasjaved.RecipleaseTests;
				PRODUCT_NAME = "$(TARGET_NAME)";
				SWIFT_VERSION = 4.0;
				TARGETED_DEVICE_FAMILY = "1,2";
				TEST_HOST = "$(BUILT_PRODUCTS_DIR)/Reciplease.app/Reciplease";
			};
			name = Release;
		};
/* End XCBuildConfiguration section */

/* Begin XCConfigurationList section */
		37F58A742111AE380020DB93 /* Build configuration list for PBXProject "Reciplease" */ = {
			isa = XCConfigurationList;
			buildConfigurations = (
				37F58A962111AE3A0020DB93 /* Debug */,
				37F58A972111AE3A0020DB93 /* Release */,
			);
			defaultConfigurationIsVisible = 0;
			defaultConfigurationName = Release;
		};
		37F58A982111AE3A0020DB93 /* Build configuration list for PBXNativeTarget "Reciplease" */ = {
			isa = XCConfigurationList;
			buildConfigurations = (
				37F58A992111AE3A0020DB93 /* Debug */,
				37F58A9A2111AE3A0020DB93 /* Release */,
			);
			defaultConfigurationIsVisible = 0;
			defaultConfigurationName = Release;
		};
		37F58A9B2111AE3A0020DB93 /* Build configuration list for PBXNativeTarget "RecipleaseTests" */ = {
			isa = XCConfigurationList;
			buildConfigurations = (
				37F58A9C2111AE3A0020DB93 /* Debug */,
				37F58A9D2111AE3A0020DB93 /* Release */,
			);
			defaultConfigurationIsVisible = 0;
			defaultConfigurationName = Release;
		};
/* End XCConfigurationList section */
	};
	rootObject = 37F58A712111AE380020DB93 /* Project object */;
}
